
Microsoft Visual Studio Solution File, Format Version 12.00
# Visual Studio Version 17
VisualStudioVersion = 17.5.33516.290
MinimumVisualStudioVersion = 10.0.40219.1
Project("{FAE04EC0-301F-11D3-BF4B-00C04F79EFBC}") = "Andrea-Jiwoong-Group7", "Andrea-Jiwoong-Group7\Andrea-Jiwoong-Group7.csproj", "{22813A90-5E90-4B7A-AB49-10736D1141F8}"
EndProject
Global
	GlobalSection(SolutionConfigurationPlatforms) = preSolution
		Debug|Any CPU = Debug|Any CPU
		Release|Any CPU = Release|Any CPU
	EndGlobalSection
	GlobalSection(ProjectConfigurationPlatforms) = postSolution
		{22813A90-5E90-4B7A-AB49-10736D1141F8}.Debug|Any CPU.ActiveCfg = Debug|Any CPU
		{22813A90-5E90-4B7A-AB49-10736D1141F8}.Debug|Any CPU.Build.0 = Debug|Any CPU
		{22813A90-5E90-4B7A-AB49-10736D1141F8}.Release|Any CPU.ActiveCfg = Release|Any CPU
		{22813A90-5E90-4B7A-AB49-10736D1141F8}.Release|Any CPU.Build.0 = Release|Any CPU
	EndGlobalSection
	GlobalSection(SolutionProperties) = preSolution
		HideSolutionNode = FALSE
	EndGlobalSection
	GlobalSection(ExtensibilityGlobals) = postSolution
		SolutionGuid = {764F2514-AA10-4C83-9DAE-A220754FCF82}
	EndGlobalSection
EndGlobal
